{
  "requires": true,
  "lockfileVersion": 1,
  "dependencies": {
    "ion-rangeslider": {
      "version": "2.3.0",
      "resolved": "https://registry.npmjs.org/ion-rangeslider/-/ion-rangeslider-2.3.0.tgz",
      "integrity": "sha512-7TtH9/X4Aq/xCzboWxjwlv20gVqR90Ysc3aehMlTuH2/ULaSxpB80hq+yvD1N0FwWbPDtxQpjQrz/iX+LWXKmg==",
      "requires": {
        "jquery": ">=1.8"
      }
    },
    "jquery": {
      "version": "3.4.0",
      "resolved": "https://registry.npmjs.org/jquery/-/jquery-3.4.0.tgz",
      "integrity": "sha512-ggRCXln9zEqv6OqAGXFEcshF5dSBvCkzj6Gm2gzuR5fWawaX8t7cxKVkkygKODrDAzKdoYw3l/e3pm3vlT4IbQ=="
    },
    "nouislider": {
      "version": "13.1.4",
      "resolved": "https://registry.npmjs.org/nouislider/-/nouislider-13.1.4.tgz",
      "integrity": "sha512-XcGdAkjDNjaciL4rBdf6/0Yfj7cVCPD9lUjFfOJnUdku4XaJUFa3Im3w8NnCuJFZ3NraRATREjpqDfbQIRRU0w=="
    },
    "wnumb": {
      "version": "1.1.0",
      "resolved": "https://registry.npmjs.org/wnumb/-/wnumb-1.1.0.tgz",
      "integrity": "sha1-/Oy4gFCGm984Tay/1hIyWYDJPdw="
    }
  }
}
